apiVersion: v2
name: managed-argocd
description: A Helm chart for Managed ArgoCD
version: 0.5.0
appVersion: "2.6.7"
icon: https://argo-cd.readthedocs.io/en/stable/assets/logo.png
keywords:
  - argoproj
  - argocd
  - gitops
dependencies:
  - name: argo-cd
    version: 5.29.1
    repository: https://argoproj.github.io/argo-helm
